{
    "version": 3,
    "terraform_version": "0.11.14",
    "serial": 2,
    "lineage": "da4b485c-47b8-4128-bc4d-044aa95feab2",
    "modules": [
        {
            "path": [
                "root"
            ],
            "outputs": {},
            "resources": {
                "aws_internet_gateway.igw": {
                    "type": "aws_internet_gateway",
                    "depends_on": [
                        "aws_vpc.vpc"
                    ],
                    "primary": {
                        "id": "igw-04e0f704c6ba63815",
                        "attributes": {
                            "id": "igw-04e0f704c6ba63815",
                            "owner_id": "440046809241",
                            "tags.%": "0",
                            "vpc_id": "vpc-0d2b388da76be7c59"
                        },
                        "meta": {},
                        "tainted": false
                    },
                    "deposed": [],
                    "provider": "provider.aws"
                },
                "aws_route.default": {
                    "type": "aws_route",
                    "depends_on": [
                        "aws_internet_gateway.igw",
                        "aws_vpc.vpc"
                    ],
                    "primary": {
                        "id": "r-rtb-07c155868500d74181080289494",
                        "attributes": {
                            "destination_cidr_block": "0.0.0.0/0",
                            "destination_prefix_list_id": "",
                            "egress_only_gateway_id": "",
                            "gateway_id": "igw-04e0f704c6ba63815",
                            "id": "r-rtb-07c155868500d74181080289494",
                            "instance_id": "",
                            "instance_owner_id": "",
                            "nat_gateway_id": "",
                            "network_interface_id": "",
                            "origin": "CreateRoute",
                            "route_table_id": "rtb-07c155868500d7418",
                            "state": "active",
                            "transit_gateway_id": "",
                            "vpc_peering_connection_id": ""
                        },
                        "meta": {
                            "e2bfb730-ecaa-11e6-8f88-34363bc7c4c0": {
                                "create": 120000000000,
                                "delete": 300000000000
                            }
                        },
                        "tainted": false
                    },
                    "deposed": [],
                    "provider": "provider.aws"
                },
                "aws_security_group.elb-sg": {
                    "type": "aws_security_group",
                    "depends_on": [
                        "aws_vpc.vpc"
                    ],
                    "primary": {
                        "id": "sg-045be3caaa9aa7ea6",
                        "attributes": {
                            "arn": "arn:aws:ec2:eu-west-1:440046809241:security-group/sg-045be3caaa9aa7ea6",
                            "description": "Managed by Terraform",
                            "egress.#": "1",
                            "egress.482069346.cidr_blocks.#": "1",
                            "egress.482069346.cidr_blocks.0": "0.0.0.0/0",
                            "egress.482069346.description": "",
                            "egress.482069346.from_port": "0",
                            "egress.482069346.ipv6_cidr_blocks.#": "0",
                            "egress.482069346.prefix_list_ids.#": "0",
                            "egress.482069346.protocol": "-1",
                            "egress.482069346.security_groups.#": "0",
                            "egress.482069346.self": "false",
                            "egress.482069346.to_port": "0",
                            "id": "sg-045be3caaa9aa7ea6",
                            "ingress.#": "1",
                            "ingress.2214680975.cidr_blocks.#": "1",
                            "ingress.2214680975.cidr_blocks.0": "0.0.0.0/0",
                            "ingress.2214680975.description": "",
                            "ingress.2214680975.from_port": "80",
                            "ingress.2214680975.ipv6_cidr_blocks.#": "0",
                            "ingress.2214680975.prefix_list_ids.#": "0",
                            "ingress.2214680975.protocol": "tcp",
                            "ingress.2214680975.security_groups.#": "0",
                            "ingress.2214680975.self": "false",
                            "ingress.2214680975.to_port": "80",
                            "name": "elb-sg",
                            "owner_id": "440046809241",
                            "revoke_rules_on_delete": "false",
                            "tags.%": "0",
                            "vpc_id": "vpc-0d2b388da76be7c59"
                        },
                        "meta": {
                            "e2bfb730-ecaa-11e6-8f88-34363bc7c4c0": {
                                "create": 600000000000,
                                "delete": 600000000000
                            },
                            "schema_version": "1"
                        },
                        "tainted": false
                    },
                    "deposed": [],
                    "provider": "provider.aws"
                },
                "aws_security_group.web-sg": {
                    "type": "aws_security_group",
                    "depends_on": [
                        "aws_vpc.vpc"
                    ],
                    "primary": {
                        "id": "sg-067a9d5840425356a",
                        "attributes": {
                            "description": "Managed by Terraform",
                            "egress.#": "1",
                            "egress.482069346.cidr_blocks.#": "1",
                            "egress.482069346.cidr_blocks.0": "0.0.0.0/0",
                            "egress.482069346.description": "",
                            "egress.482069346.from_port": "0",
                            "egress.482069346.ipv6_cidr_blocks.#": "0",
                            "egress.482069346.prefix_list_ids.#": "0",
                            "egress.482069346.protocol": "-1",
                            "egress.482069346.security_groups.#": "0",
                            "egress.482069346.self": "false",
                            "egress.482069346.to_port": "0",
                            "id": "sg-067a9d5840425356a",
                            "ingress.#": "1",
                            "ingress.2498522924.cidr_blocks.#": "0",
                            "ingress.2498522924.description": "",
                            "ingress.2498522924.from_port": "80",
                            "ingress.2498522924.ipv6_cidr_blocks.#": "0",
                            "ingress.2498522924.prefix_list_ids.#": "0",
                            "ingress.2498522924.protocol": "tcp",
                            "ingress.2498522924.security_groups.#": "1",
                            "ingress.2498522924.security_groups.3596367128": "$aws_security_group.elb-sg.id",
                            "ingress.2498522924.self": "false",
                            "ingress.2498522924.to_port": "80",
                            "name": "web-sg",
                            "revoke_rules_on_delete": "false",
                            "vpc_id": "vpc-0d2b388da76be7c59"
                        },
                        "meta": {
                            "e2bfb730-ecaa-11e6-8f88-34363bc7c4c0": {
                                "create": 600000000000,
                                "delete": 600000000000
                            },
                            "schema_version": "1"
                        },
                        "tainted": false
                    },
                    "deposed": [],
                    "provider": "provider.aws"
                },
                "aws_subnet.pri1": {
                    "type": "aws_subnet",
                    "depends_on": [
                        "aws_vpc.vpc",
                        "data.aws_availability_zones.avazones"
                    ],
                    "primary": {
                        "id": "subnet-0f969d869c9d864e2",
                        "attributes": {
                            "arn": "arn:aws:ec2:eu-west-1:440046809241:subnet/subnet-0f969d869c9d864e2",
                            "assign_ipv6_address_on_creation": "false",
                            "availability_zone": "eu-west-1a",
                            "availability_zone_id": "euw1-az1",
                            "cidr_block": "10.0.10.0/24",
                            "id": "subnet-0f969d869c9d864e2",
                            "ipv6_cidr_block": "",
                            "ipv6_cidr_block_association_id": "",
                            "map_public_ip_on_launch": "true",
                            "owner_id": "440046809241",
                            "tags.%": "1",
                            "tags.Name": "pri1",
                            "vpc_id": "vpc-0d2b388da76be7c59"
                        },
                        "meta": {
                            "e2bfb730-ecaa-11e6-8f88-34363bc7c4c0": {
                                "create": 600000000000,
                                "delete": 1200000000000
                            },
                            "schema_version": "1"
                        },
                        "tainted": false
                    },
                    "deposed": [],
                    "provider": "provider.aws"
                },
                "aws_subnet.pri2": {
                    "type": "aws_subnet",
                    "depends_on": [
                        "aws_vpc.vpc",
                        "data.aws_availability_zones.avazones"
                    ],
                    "primary": {
                        "id": "subnet-03ac91e7c4c13711b",
                        "attributes": {
                            "arn": "arn:aws:ec2:eu-west-1:440046809241:subnet/subnet-03ac91e7c4c13711b",
                            "assign_ipv6_address_on_creation": "false",
                            "availability_zone": "eu-west-1b",
                            "availability_zone_id": "euw1-az2",
                            "cidr_block": "10.0.11.0/24",
                            "id": "subnet-03ac91e7c4c13711b",
                            "ipv6_cidr_block": "",
                            "ipv6_cidr_block_association_id": "",
                            "map_public_ip_on_launch": "true",
                            "owner_id": "440046809241",
                            "tags.%": "1",
                            "tags.Name": "pri2",
                            "vpc_id": "vpc-0d2b388da76be7c59"
                        },
                        "meta": {
                            "e2bfb730-ecaa-11e6-8f88-34363bc7c4c0": {
                                "create": 600000000000,
                                "delete": 1200000000000
                            },
                            "schema_version": "1"
                        },
                        "tainted": false
                    },
                    "deposed": [],
                    "provider": "provider.aws"
                },
                "aws_subnet.pub1": {
                    "type": "aws_subnet",
                    "depends_on": [
                        "aws_vpc.vpc",
                        "data.aws_availability_zones.avazones"
                    ],
                    "primary": {
                        "id": "subnet-048830dc11aec7cef",
                        "attributes": {
                            "arn": "arn:aws:ec2:eu-west-1:440046809241:subnet/subnet-048830dc11aec7cef",
                            "assign_ipv6_address_on_creation": "false",
                            "availability_zone": "eu-west-1a",
                            "availability_zone_id": "euw1-az1",
                            "cidr_block": "10.0.0.0/24",
                            "id": "subnet-048830dc11aec7cef",
                            "ipv6_cidr_block": "",
                            "ipv6_cidr_block_association_id": "",
                            "map_public_ip_on_launch": "true",
                            "owner_id": "440046809241",
                            "tags.%": "1",
                            "tags.Name": "pub1",
                            "vpc_id": "vpc-0d2b388da76be7c59"
                        },
                        "meta": {
                            "e2bfb730-ecaa-11e6-8f88-34363bc7c4c0": {
                                "create": 600000000000,
                                "delete": 1200000000000
                            },
                            "schema_version": "1"
                        },
                        "tainted": false
                    },
                    "deposed": [],
                    "provider": "provider.aws"
                },
                "aws_subnet.pub2": {
                    "type": "aws_subnet",
                    "depends_on": [
                        "aws_vpc.vpc",
                        "data.aws_availability_zones.avazones"
                    ],
                    "primary": {
                        "id": "subnet-01f8989a01b1eae39",
                        "attributes": {
                            "arn": "arn:aws:ec2:eu-west-1:440046809241:subnet/subnet-01f8989a01b1eae39",
                            "assign_ipv6_address_on_creation": "false",
                            "availability_zone": "eu-west-1b",
                            "availability_zone_id": "euw1-az2",
                            "cidr_block": "10.0.1.0/24",
                            "id": "subnet-01f8989a01b1eae39",
                            "ipv6_cidr_block": "",
                            "ipv6_cidr_block_association_id": "",
                            "map_public_ip_on_launch": "true",
                            "owner_id": "440046809241",
                            "tags.%": "1",
                            "tags.Name": "pub2",
                            "vpc_id": "vpc-0d2b388da76be7c59"
                        },
                        "meta": {
                            "e2bfb730-ecaa-11e6-8f88-34363bc7c4c0": {
                                "create": 600000000000,
                                "delete": 1200000000000
                            },
                            "schema_version": "1"
                        },
                        "tainted": false
                    },
                    "deposed": [],
                    "provider": "provider.aws"
                },
                "aws_vpc.vpc": {
                    "type": "aws_vpc",
                    "depends_on": [],
                    "primary": {
                        "id": "vpc-0d2b388da76be7c59",
                        "attributes": {
                            "arn": "arn:aws:ec2:eu-west-1:440046809241:vpc/vpc-0d2b388da76be7c59",
                            "assign_generated_ipv6_cidr_block": "false",
                            "cidr_block": "10.0.0.0/16",
                            "default_network_acl_id": "acl-05cfffb07567e5ed3",
                            "default_route_table_id": "rtb-07c155868500d7418",
                            "default_security_group_id": "sg-08c83d06a24555c86",
                            "dhcp_options_id": "dopt-41fe9827",
                            "enable_classiclink": "false",
                            "enable_classiclink_dns_support": "false",
                            "enable_dns_hostnames": "false",
                            "enable_dns_support": "false",
                            "id": "vpc-0d2b388da76be7c59",
                            "instance_tenancy": "default",
                            "ipv6_association_id": "",
                            "ipv6_cidr_block": "",
                            "main_route_table_id": "rtb-07c155868500d7418",
                            "owner_id": "440046809241",
                            "tags.%": "1",
                            "tags.Name": "aperture"
                        },
                        "meta": {
                            "schema_version": "1"
                        },
                        "tainted": false
                    },
                    "deposed": [],
                    "provider": "provider.aws"
                },
                "data.aws_availability_zones.avazones": {
                    "type": "aws_availability_zones",
                    "depends_on": [],
                    "primary": {
                        "id": "2020-03-07 16:23:56.787850563 +0000 UTC",
                        "attributes": {
                            "id": "2020-03-07 16:23:56.787850563 +0000 UTC",
                            "names.#": "3",
                            "names.0": "eu-west-1a",
                            "names.1": "eu-west-1b",
                            "names.2": "eu-west-1c",
                            "zone_ids.#": "3",
                            "zone_ids.0": "euw1-az1",
                            "zone_ids.1": "euw1-az2",
                            "zone_ids.2": "euw1-az3"
                        },
                        "meta": {},
                        "tainted": false
                    },
                    "deposed": [],
                    "provider": "provider.aws"
                }
            },
            "depends_on": []
        }
    ]
}
